
Microsoft Visual Studio Solution File, Format Version 12.00
# Visual Studio Version 16
VisualStudioVersion = 16.0.30320.27
MinimumVisualStudioVersion = 10.0.40219.1
Project("{FAE04EC0-301F-11D3-BF4B-00C04F79EFBC}") = "Nyous.Api.NoSql", "Nyous.Api.NoSql\Nyous.Api.NoSql.csproj", "{11C9FBCD-16F3-4B5D-9C36-BCDA5400047E}"
EndProject
Global
	GlobalSection(SolutionConfigurationPlatforms) = preSolution
		Debug|Any CPU = Debug|Any CPU
		Release|Any CPU = Release|Any CPU
	EndGlobalSection
	GlobalSection(ProjectConfigurationPlatforms) = postSolution
		{11C9FBCD-16F3-4B5D-9C36-BCDA5400047E}.Debug|Any CPU.ActiveCfg = Debug|Any CPU
		{11C9FBCD-16F3-4B5D-9C36-BCDA5400047E}.Debug|Any CPU.Build.0 = Debug|Any CPU
		{11C9FBCD-16F3-4B5D-9C36-BCDA5400047E}.Release|Any CPU.ActiveCfg = Release|Any CPU
		{11C9FBCD-16F3-4B5D-9C36-BCDA5400047E}.Release|Any CPU.Build.0 = Release|Any CPU
	EndGlobalSection
	GlobalSection(SolutionProperties) = preSolution
		HideSolutionNode = FALSE
	EndGlobalSection
	GlobalSection(ExtensibilityGlobals) = postSolution
		SolutionGuid = {21AA973D-213C-472E-AB33-BF580F487C1A}
	EndGlobalSection
EndGlobal
